
Microsoft Visual Studio Solution File, Format Version 12.00
# Visual Studio Version 16
VisualStudioVersion = 16.0.31410.357
MinimumVisualStudioVersion = 10.0.40219.1
Project("{9A19103F-16F7-4668-BE54-9A1E7A4F7556}") = "Test", "Test\Test.csproj", "{7DADC5F9-A531-4833-8E73-9FD80808F90A}"
EndProject
Project("{9A19103F-16F7-4668-BE54-9A1E7A4F7556}") = "Entidades", "Entidades\Entidades.csproj", "{282CED77-CC72-44D6-9950-7E097AFB8C67}"
EndProject
Project("{9A19103F-16F7-4668-BE54-9A1E7A4F7556}") = "WinFormsApp", "WinFormsApp\WinFormsApp.csproj", "{4E034C81-E657-4858-AA32-626A268E9E1D}"
EndProject
Project("{9A19103F-16F7-4668-BE54-9A1E7A4F7556}") = "UnitTest", "UnitTest\UnitTest.csproj", "{91D2FBF2-CDEB-413D-AD28-DE3D75B4865D}"
EndProject
Project("{FAE04EC0-301F-11D3-BF4B-00C04F79EFBC}") = "UnitTest2", "UnitTest2\UnitTest2.csproj", "{4F3568D3-029E-4588-8432-C9206708DE81}"
EndProject
Global
	GlobalSection(SolutionConfigurationPlatforms) = preSolution
		Debug|Any CPU = Debug|Any CPU
		Release|Any CPU = Release|Any CPU
	EndGlobalSection
	GlobalSection(ProjectConfigurationPlatforms) = postSolution
		{7DADC5F9-A531-4833-8E73-9FD80808F90A}.Debug|Any CPU.ActiveCfg = Debug|Any CPU
		{7DADC5F9-A531-4833-8E73-9FD80808F90A}.Debug|Any CPU.Build.0 = Debug|Any CPU
		{7DADC5F9-A531-4833-8E73-9FD80808F90A}.Release|Any CPU.ActiveCfg = Release|Any CPU
		{7DADC5F9-A531-4833-8E73-9FD80808F90A}.Release|Any CPU.Build.0 = Release|Any CPU
		{282CED77-CC72-44D6-9950-7E097AFB8C67}.Debug|Any CPU.ActiveCfg = Debug|Any CPU
		{282CED77-CC72-44D6-9950-7E097AFB8C67}.Debug|Any CPU.Build.0 = Debug|Any CPU
		{282CED77-CC72-44D6-9950-7E097AFB8C67}.Release|Any CPU.ActiveCfg = Release|Any CPU
		{282CED77-CC72-44D6-9950-7E097AFB8C67}.Release|Any CPU.Build.0 = Release|Any CPU
		{4E034C81-E657-4858-AA32-626A268E9E1D}.Debug|Any CPU.ActiveCfg = Debug|Any CPU
		{4E034C81-E657-4858-AA32-626A268E9E1D}.Debug|Any CPU.Build.0 = Debug|Any CPU
		{4E034C81-E657-4858-AA32-626A268E9E1D}.Release|Any CPU.ActiveCfg = Release|Any CPU
		{4E034C81-E657-4858-AA32-626A268E9E1D}.Release|Any CPU.Build.0 = Release|Any CPU
		{91D2FBF2-CDEB-413D-AD28-DE3D75B4865D}.Debug|Any CPU.ActiveCfg = Debug|Any CPU
		{91D2FBF2-CDEB-413D-AD28-DE3D75B4865D}.Debug|Any CPU.Build.0 = Debug|Any CPU
		{91D2FBF2-CDEB-413D-AD28-DE3D75B4865D}.Release|Any CPU.ActiveCfg = Release|Any CPU
		{91D2FBF2-CDEB-413D-AD28-DE3D75B4865D}.Release|Any CPU.Build.0 = Release|Any CPU
		{4F3568D3-029E-4588-8432-C9206708DE81}.Debug|Any CPU.ActiveCfg = Debug|Any CPU
		{4F3568D3-029E-4588-8432-C9206708DE81}.Debug|Any CPU.Build.0 = Debug|Any CPU
		{4F3568D3-029E-4588-8432-C9206708DE81}.Release|Any CPU.ActiveCfg = Release|Any CPU
		{4F3568D3-029E-4588-8432-C9206708DE81}.Release|Any CPU.Build.0 = Release|Any CPU
	EndGlobalSection
	GlobalSection(SolutionProperties) = preSolution
		HideSolutionNode = FALSE
	EndGlobalSection
	GlobalSection(ExtensibilityGlobals) = postSolution
		SolutionGuid = {4682E159-187B-4023-BDC7-663884EF954D}
	EndGlobalSection
EndGlobal
